
Microsoft Visual Studio Solution File, Format Version 12.00
# Visual Studio Version 17
VisualStudioVersion = 17.4.33213.308
MinimumVisualStudioVersion = 10.0.40219.1
Project("{FAE04EC0-301F-11D3-BF4B-00C04F79EFBC}") = "hw5", "hw5.csproj", "{7C82E249-DE8F-427A-8730-8B2430BC22B1}"
EndProject
Global
	GlobalSection(SolutionConfigurationPlatforms) = preSolution
		Debug|Any CPU = Debug|Any CPU
		Release|Any CPU = Release|Any CPU
	EndGlobalSection
	GlobalSection(ProjectConfigurationPlatforms) = postSolution
		{7C82E249-DE8F-427A-8730-8B2430BC22B1}.Debug|Any CPU.ActiveCfg = Debug|Any CPU
		{7C82E249-DE8F-427A-8730-8B2430BC22B1}.Debug|Any CPU.Build.0 = Debug|Any CPU
		{7C82E249-DE8F-427A-8730-8B2430BC22B1}.Release|Any CPU.ActiveCfg = Release|Any CPU
		{7C82E249-DE8F-427A-8730-8B2430BC22B1}.Release|Any CPU.Build.0 = Release|Any CPU
	EndGlobalSection
	GlobalSection(SolutionProperties) = preSolution
		HideSolutionNode = FALSE
	EndGlobalSection
	GlobalSection(ExtensibilityGlobals) = postSolution
		SolutionGuid = {8B218F3A-3002-425C-8FD0-9DDC6C028312}
	EndGlobalSection
EndGlobal
